
Microsoft Visual Studio Solution File, Format Version 12.00
# Visual Studio Version 17
VisualStudioVersion = 17.7.34202.233
MinimumVisualStudioVersion = 10.0.40219.1
Project("{11A8DD76-328B-46DF-9F39-F559912D0360}") = "CCSWE.nanoFramework.Configuration", "CCSWE.nanoFramework.Configuration\CCSWE.nanoFramework.Configuration.nfproj", "{1CCAF9A7-9009-46BE-8FD6-F355AF6B4AAF}"
EndProject
Project("{11A8DD76-328B-46DF-9F39-F559912D0360}") = "CCSWE.nanoFramework.Configuration.UnitTests", "CCSWE.nanoFramework.Configuration.UnitTests\CCSWE.nanoFramework.Configuration.UnitTests.nfproj", "{009C5D3A-5D5F-4737-AB39-5980CFA16BC4}"
EndProject
Project("{2150E333-8FDC-42A3-9474-1A3956D46DE8}") = "GitHub", "GitHub", "{D866E27C-35BA-490E-A5B3-FDCBB822B942}"
	ProjectSection(SolutionItems) = preProject
		.github\workflows\build-solution.yml = .github\workflows\build-solution.yml
		.github\config.yml = .github\config.yml
		.github\workflows\update-dependencies.yml = .github\workflows\update-dependencies.yml
	EndProjectSection
EndProject
Project("{2150E333-8FDC-42A3-9474-1A3956D46DE8}") = "NuGet", "NuGet", "{288D4630-ED36-4175-81E8-4C3D689E15C0}"
	ProjectSection(SolutionItems) = preProject
		CCSWE.nanoFramework.Configuration.nuspec = CCSWE.nanoFramework.Configuration.nuspec
		version.json = version.json
	EndProjectSection
EndProject
Project("{2150E333-8FDC-42A3-9474-1A3956D46DE8}") = "Docs", "Docs", "{FD40241B-42B6-4833-B50E-072C9351E0E8}"
	ProjectSection(SolutionItems) = preProject
		LICENSE.md = LICENSE.md
		README.md = README.md
	EndProjectSection
EndProject
Global
	GlobalSection(SolutionConfigurationPlatforms) = preSolution
		Debug|Any CPU = Debug|Any CPU
		Release|Any CPU = Release|Any CPU
	EndGlobalSection
	GlobalSection(ProjectConfigurationPlatforms) = postSolution
		{1CCAF9A7-9009-46BE-8FD6-F355AF6B4AAF}.Debug|Any CPU.ActiveCfg = Debug|Any CPU
		{1CCAF9A7-9009-46BE-8FD6-F355AF6B4AAF}.Debug|Any CPU.Build.0 = Debug|Any CPU
		{1CCAF9A7-9009-46BE-8FD6-F355AF6B4AAF}.Debug|Any CPU.Deploy.0 = Debug|Any CPU
		{1CCAF9A7-9009-46BE-8FD6-F355AF6B4AAF}.Release|Any CPU.ActiveCfg = Release|Any CPU
		{1CCAF9A7-9009-46BE-8FD6-F355AF6B4AAF}.Release|Any CPU.Build.0 = Release|Any CPU
		{1CCAF9A7-9009-46BE-8FD6-F355AF6B4AAF}.Release|Any CPU.Deploy.0 = Release|Any CPU
		{009C5D3A-5D5F-4737-AB39-5980CFA16BC4}.Debug|Any CPU.ActiveCfg = Debug|Any CPU
		{009C5D3A-5D5F-4737-AB39-5980CFA16BC4}.Debug|Any CPU.Build.0 = Debug|Any CPU
		{009C5D3A-5D5F-4737-AB39-5980CFA16BC4}.Debug|Any CPU.Deploy.0 = Debug|Any CPU
		{009C5D3A-5D5F-4737-AB39-5980CFA16BC4}.Release|Any CPU.ActiveCfg = Release|Any CPU
		{009C5D3A-5D5F-4737-AB39-5980CFA16BC4}.Release|Any CPU.Build.0 = Release|Any CPU
		{009C5D3A-5D5F-4737-AB39-5980CFA16BC4}.Release|Any CPU.Deploy.0 = Release|Any CPU
	EndGlobalSection
	GlobalSection(SolutionProperties) = preSolution
		HideSolutionNode = FALSE
	EndGlobalSection
	GlobalSection(ExtensibilityGlobals) = postSolution
		SolutionGuid = {049C3F63-48AB-4448-B047-B0209AAA7705}
	EndGlobalSection
EndGlobal
